
Microsoft Visual Studio Solution File, Format Version 12.00
# Visual Studio 15
Project("{FAE04EC0-301F-11D3-BF4B-00C04F79EFBC}") = "MetaMaskUnity.Runtime", "MetaMaskUnity.Runtime.csproj", "{3BBA1244-46E3-5DDB-CEE4-7A49C25690BF}"
EndProject
Project("{FAE04EC0-301F-11D3-BF4B-00C04F79EFBC}") = "Assembly-CSharp", "Assembly-CSharp.csproj", "{DD0C715D-3F5F-F4D3-0991-4B7ED5ADE829}"
EndProject
Project("{FAE04EC0-301F-11D3-BF4B-00C04F79EFBC}") = "MetaMask.SocketIOUnity", "MetaMask.SocketIOUnity.csproj", "{C1F97344-DAED-C3E2-3FE4-EA4403BBD68C}"
EndProject
Project("{FAE04EC0-301F-11D3-BF4B-00C04F79EFBC}") = "TextToTMP.Editor", "TextToTMP.Editor.csproj", "{3A7FCA53-8498-AA32-1F1A-B4D6732094AF}"
EndProject
Project("{FAE04EC0-301F-11D3-BF4B-00C04F79EFBC}") = "NaughtyAttributes.Core", "NaughtyAttributes.Core.csproj", "{52146BBE-CC63-2E5E-1038-CC7AE4007FF2}"
EndProject
Project("{FAE04EC0-301F-11D3-BF4B-00C04F79EFBC}") = "MetaMaskUnity.Installer", "MetaMaskUnity.Installer.csproj", "{BAE69737-EBC5-3C87-5498-0DF109503538}"
EndProject
Project("{FAE04EC0-301F-11D3-BF4B-00C04F79EFBC}") = "NaughtyAttributes.Editor", "NaughtyAttributes.Editor.csproj", "{E8DA7A8F-0B78-4655-AB90-A5A17BF0A0A9}"
EndProject
Project("{FAE04EC0-301F-11D3-BF4B-00C04F79EFBC}") = "MetaMaskUnity.Editor", "MetaMaskUnity.Editor.csproj", "{621B3A4B-E668-59AB-4A92-84DF05963512}"
EndProject
Project("{FAE04EC0-301F-11D3-BF4B-00C04F79EFBC}") = "MetaMask.NativeWebSocket", "MetaMask.NativeWebSocket.csproj", "{514557DA-32B1-82DF-A5D3-6A6A5A13BE2D}"
EndProject
Project("{FAE04EC0-301F-11D3-BF4B-00C04F79EFBC}") = "TextToTMP.Runtime", "TextToTMP.Runtime.csproj", "{94FBB763-99D8-B620-F83C-3B437D2AAD79}"
EndProject
Project("{FAE04EC0-301F-11D3-BF4B-00C04F79EFBC}") = "Assembly-CSharp-Editor", "Assembly-CSharp-Editor.csproj", "{8BABFD48-F70D-78DC-1A58-C6BE77FA51AC}"
EndProject
Global
	GlobalSection(SolutionConfigurationPlatforms) = preSolution
		Debug|Any CPU = Debug|Any CPU
		Release|Any CPU = Release|Any CPU
	EndGlobalSection
	GlobalSection(ProjectConfigurationPlatforms) = postSolution
		{3BBA1244-46E3-5DDB-CEE4-7A49C25690BF}.Debug|Any CPU.ActiveCfg = Debug|Any CPU
		{3BBA1244-46E3-5DDB-CEE4-7A49C25690BF}.Debug|Any CPU.Build.0 = Debug|Any CPU
		{3BBA1244-46E3-5DDB-CEE4-7A49C25690BF}.Release|Any CPU.ActiveCfg = Release|Any CPU
		{3BBA1244-46E3-5DDB-CEE4-7A49C25690BF}.Release|Any CPU.Build.0 = Release|Any CPU
		{DD0C715D-3F5F-F4D3-0991-4B7ED5ADE829}.Debug|Any CPU.ActiveCfg = Debug|Any CPU
		{DD0C715D-3F5F-F4D3-0991-4B7ED5ADE829}.Debug|Any CPU.Build.0 = Debug|Any CPU
		{DD0C715D-3F5F-F4D3-0991-4B7ED5ADE829}.Release|Any CPU.ActiveCfg = Release|Any CPU
		{DD0C715D-3F5F-F4D3-0991-4B7ED5ADE829}.Release|Any CPU.Build.0 = Release|Any CPU
		{C1F97344-DAED-C3E2-3FE4-EA4403BBD68C}.Debug|Any CPU.ActiveCfg = Debug|Any CPU
		{C1F97344-DAED-C3E2-3FE4-EA4403BBD68C}.Debug|Any CPU.Build.0 = Debug|Any CPU
		{C1F97344-DAED-C3E2-3FE4-EA4403BBD68C}.Release|Any CPU.ActiveCfg = Release|Any CPU
		{C1F97344-DAED-C3E2-3FE4-EA4403BBD68C}.Release|Any CPU.Build.0 = Release|Any CPU
		{3A7FCA53-8498-AA32-1F1A-B4D6732094AF}.Debug|Any CPU.ActiveCfg = Debug|Any CPU
		{3A7FCA53-8498-AA32-1F1A-B4D6732094AF}.Debug|Any CPU.Build.0 = Debug|Any CPU
		{3A7FCA53-8498-AA32-1F1A-B4D6732094AF}.Release|Any CPU.ActiveCfg = Release|Any CPU
		{3A7FCA53-8498-AA32-1F1A-B4D6732094AF}.Release|Any CPU.Build.0 = Release|Any CPU
		{52146BBE-CC63-2E5E-1038-CC7AE4007FF2}.Debug|Any CPU.ActiveCfg = Debug|Any CPU
		{52146BBE-CC63-2E5E-1038-CC7AE4007FF2}.Debug|Any CPU.Build.0 = Debug|Any CPU
		{52146BBE-CC63-2E5E-1038-CC7AE4007FF2}.Release|Any CPU.ActiveCfg = Release|Any CPU
		{52146BBE-CC63-2E5E-1038-CC7AE4007FF2}.Release|Any CPU.Build.0 = Release|Any CPU
		{BAE69737-EBC5-3C87-5498-0DF109503538}.Debug|Any CPU.ActiveCfg = Debug|Any CPU
		{BAE69737-EBC5-3C87-5498-0DF109503538}.Debug|Any CPU.Build.0 = Debug|Any CPU
		{BAE69737-EBC5-3C87-5498-0DF109503538}.Release|Any CPU.ActiveCfg = Release|Any CPU
		{BAE69737-EBC5-3C87-5498-0DF109503538}.Release|Any CPU.Build.0 = Release|Any CPU
		{E8DA7A8F-0B78-4655-AB90-A5A17BF0A0A9}.Debug|Any CPU.ActiveCfg = Debug|Any CPU
		{E8DA7A8F-0B78-4655-AB90-A5A17BF0A0A9}.Debug|Any CPU.Build.0 = Debug|Any CPU
		{E8DA7A8F-0B78-4655-AB90-A5A17BF0A0A9}.Release|Any CPU.ActiveCfg = Release|Any CPU
		{E8DA7A8F-0B78-4655-AB90-A5A17BF0A0A9}.Release|Any CPU.Build.0 = Release|Any CPU
		{621B3A4B-E668-59AB-4A92-84DF05963512}.Debug|Any CPU.ActiveCfg = Debug|Any CPU
		{621B3A4B-E668-59AB-4A92-84DF05963512}.Debug|Any CPU.Build.0 = Debug|Any CPU
		{621B3A4B-E668-59AB-4A92-84DF05963512}.Release|Any CPU.ActiveCfg = Release|Any CPU
		{621B3A4B-E668-59AB-4A92-84DF05963512}.Release|Any CPU.Build.0 = Release|Any CPU
		{514557DA-32B1-82DF-A5D3-6A6A5A13BE2D}.Debug|Any CPU.ActiveCfg = Debug|Any CPU
		{514557DA-32B1-82DF-A5D3-6A6A5A13BE2D}.Debug|Any CPU.Build.0 = Debug|Any CPU
		{514557DA-32B1-82DF-A5D3-6A6A5A13BE2D}.Release|Any CPU.ActiveCfg = Release|Any CPU
		{514557DA-32B1-82DF-A5D3-6A6A5A13BE2D}.Release|Any CPU.Build.0 = Release|Any CPU
		{94FBB763-99D8-B620-F83C-3B437D2AAD79}.Debug|Any CPU.ActiveCfg = Debug|Any CPU
		{94FBB763-99D8-B620-F83C-3B437D2AAD79}.Debug|Any CPU.Build.0 = Debug|Any CPU
		{94FBB763-99D8-B620-F83C-3B437D2AAD79}.Release|Any CPU.ActiveCfg = Release|Any CPU
		{94FBB763-99D8-B620-F83C-3B437D2AAD79}.Release|Any CPU.Build.0 = Release|Any CPU
		{8BABFD48-F70D-78DC-1A58-C6BE77FA51AC}.Debug|Any CPU.ActiveCfg = Debug|Any CPU
		{8BABFD48-F70D-78DC-1A58-C6BE77FA51AC}.Debug|Any CPU.Build.0 = Debug|Any CPU
		{8BABFD48-F70D-78DC-1A58-C6BE77FA51AC}.Release|Any CPU.ActiveCfg = Release|Any CPU
		{8BABFD48-F70D-78DC-1A58-C6BE77FA51AC}.Release|Any CPU.Build.0 = Release|Any CPU
	EndGlobalSection
	GlobalSection(SolutionProperties) = preSolution
		HideSolutionNode = FALSE
	EndGlobalSection
EndGlobal
